
Microsoft Visual Studio Solution File, Format Version 12.00
# Visual Studio Version 16
VisualStudioVersion = 16.0.31112.23
MinimumVisualStudioVersion = 10.0.40219.1
Project("{FAE04EC0-301F-11D3-BF4B-00C04F79EFBC}") = "RazorApplication", "RazorApplication\RazorApplication.csproj", "{77C4DF9B-326D-4D8B-BFF1-08788741CF2E}"
EndProject
Global
	GlobalSection(SolutionConfigurationPlatforms) = preSolution
		Debug|Any CPU = Debug|Any CPU
		Release|Any CPU = Release|Any CPU
	EndGlobalSection
	GlobalSection(ProjectConfigurationPlatforms) = postSolution
		{77C4DF9B-326D-4D8B-BFF1-08788741CF2E}.Debug|Any CPU.ActiveCfg = Debug|Any CPU
		{77C4DF9B-326D-4D8B-BFF1-08788741CF2E}.Debug|Any CPU.Build.0 = Debug|Any CPU
		{77C4DF9B-326D-4D8B-BFF1-08788741CF2E}.Release|Any CPU.ActiveCfg = Release|Any CPU
		{77C4DF9B-326D-4D8B-BFF1-08788741CF2E}.Release|Any CPU.Build.0 = Release|Any CPU
	EndGlobalSection
	GlobalSection(SolutionProperties) = preSolution
		HideSolutionNode = FALSE
	EndGlobalSection
	GlobalSection(ExtensibilityGlobals) = postSolution
		SolutionGuid = {A9D08C30-D89D-458D-9A61-2C0CE9673682}
	EndGlobalSection
EndGlobal
